
Microsoft Visual Studio Solution File, Format Version 12.00
# Visual Studio 15
VisualStudioVersion = 15.0.28307.645
MinimumVisualStudioVersion = 10.0.40219.1
Project("{FAE04EC0-301F-11D3-BF4B-00C04F79EFBC}") = "WeezitServer", "WeezitServer\WeezitServer.csproj", "{94A7154D-896E-4228-8E27-DF5E0E3514BA}"
EndProject
Global
	GlobalSection(SolutionConfigurationPlatforms) = preSolution
		Debug|Any CPU = Debug|Any CPU
		Release|Any CPU = Release|Any CPU
	EndGlobalSection
	GlobalSection(ProjectConfigurationPlatforms) = postSolution
		{94A7154D-896E-4228-8E27-DF5E0E3514BA}.Debug|Any CPU.ActiveCfg = Debug|Any CPU
		{94A7154D-896E-4228-8E27-DF5E0E3514BA}.Debug|Any CPU.Build.0 = Debug|Any CPU
		{94A7154D-896E-4228-8E27-DF5E0E3514BA}.Release|Any CPU.ActiveCfg = Release|Any CPU
		{94A7154D-896E-4228-8E27-DF5E0E3514BA}.Release|Any CPU.Build.0 = Release|Any CPU
	EndGlobalSection
	GlobalSection(SolutionProperties) = preSolution
		HideSolutionNode = FALSE
	EndGlobalSection
	GlobalSection(ExtensibilityGlobals) = postSolution
		SolutionGuid = {081269F7-F735-404B-854E-4C154E0064DD}
	EndGlobalSection
EndGlobal
